
Microsoft Visual Studio Solution File, Format Version 12.00
# Visual Studio Version 17
VisualStudioVersion = 17.4.33110.190
MinimumVisualStudioVersion = 10.0.40219.1
Project("{FAE04EC0-301F-11D3-BF4B-00C04F79EFBC}") = "GenericTypeTest", "GenericTypeTest\GenericTypeTest.csproj", "{B2B11D93-5C65-4FB0-9B08-BA8F5F6B2DCD}"
EndProject
Global
	GlobalSection(SolutionConfigurationPlatforms) = preSolution
		Debug|Any CPU = Debug|Any CPU
		Release|Any CPU = Release|Any CPU
	EndGlobalSection
	GlobalSection(ProjectConfigurationPlatforms) = postSolution
		{B2B11D93-5C65-4FB0-9B08-BA8F5F6B2DCD}.Debug|Any CPU.ActiveCfg = Debug|Any CPU
		{B2B11D93-5C65-4FB0-9B08-BA8F5F6B2DCD}.Debug|Any CPU.Build.0 = Debug|Any CPU
		{B2B11D93-5C65-4FB0-9B08-BA8F5F6B2DCD}.Release|Any CPU.ActiveCfg = Release|Any CPU
		{B2B11D93-5C65-4FB0-9B08-BA8F5F6B2DCD}.Release|Any CPU.Build.0 = Release|Any CPU
	EndGlobalSection
	GlobalSection(SolutionProperties) = preSolution
		HideSolutionNode = FALSE
	EndGlobalSection
	GlobalSection(ExtensibilityGlobals) = postSolution
		SolutionGuid = {4D0C91B3-AFD5-478F-951B-258579AA6FB7}
	EndGlobalSection
EndGlobal
